# This file is automatically @generated by Cargo.
# It is not intended for manual editing.
version = 4

[[package]]
name = "fixture-root"
version = "1.0.0"
dependencies = [
 "fixture-build",
 "fixture-development",
 "fixture-optional",
 "fixture-target-only",
]

[[package]]
name = "fixture-build"
version = "2.0.0"
source = "registry+https://github.com/rust-lang/crates.io-index"
checksum = "2222222222222222222222222222222222222222222222222222222222222222"

[[package]]
name = "fixture-development"
version = "3.0.0"
source = "registry+https://github.com/rust-lang/crates.io-index"
checksum = "3333333333333333333333333333333333333333333333333333333333333333"

[[package]]
name = "fixture-optional"
version = "4.0.0"
source = "registry+https://github.com/rust-lang/crates.io-index"
checksum = "4444444444444444444444444444444444444444444444444444444444444444"

[[package]]
name = "fixture-target-only"
version = "5.0.0"
source = "registry+https://github.com/rust-lang/crates.io-index"
checksum = "5555555555555555555555555555555555555555555555555555555555555555"

[[package]]
name = "cbindgen"
version = "0.28.0"
source = "registry+https://github.com/rust-lang/crates.io-index"
checksum = "6666666666666666666666666666666666666666666666666666666666666666"
